{
  "version": 4,
  "terraform_version": "1.12.2",
  "serial": 65,
  "lineage": "5cab509f-082f-d86e-0099-74cc41ad0d22",
  "outputs": {
    "lambda_url": {
      "value": "https://msqzq44nzl7onhwjz7ugazmsqu0vtxez.lambda-url.us-east-1.on.aws/",
      "type": "string"
    }
  },
  "resources": [
    {
      "mode": "data",
      "type": "archive_file",
      "name": "example",
      "provider": "provider[\"registry.terraform.io/hashicorp/archive\"]",
      "instances": [
        {
          "schema_version": 0,
          "attributes": {
            "exclude_symlink_directories": null,
            "excludes": null,
            "id": "8368d9eb0a61eb718a23994312fbf51061bda9a3",
            "output_base64sha256": "pVp5anfRBVf0I6hjXLGDonyqUIw4HWDN5vPXryBKvrk=",
            "output_base64sha512": "+0rqQ2S4RurMLp3OxkGEv8qqKyx0gyMca5fkYFTGdAc2SzmB/8CE79NvnDQRCtQLxxX+/03uyecSLGSEwULuXg==",
            "output_file_mode": null,
            "output_md5": "f5c58fb245ae5bbec10eae31b0c6cc55",
            "output_path": "./src/function.zip",
            "output_sha": "8368d9eb0a61eb718a23994312fbf51061bda9a3",
            "output_sha256": "a55a796a77d10557f423a8635cb183a27caa508c381d60cde6f3d7af204abeb9",
            "output_sha512": "fb4aea4364b846eacc2e9dcec64184bfcaaa2b2c7483231c6b97e46054c67407364b3981ffc084efd36f9c34110ad40bc715feff4deec9e7122c6484c142ee5e",
            "output_size": 321873,
            "source": [],
            "source_content": null,
            "source_content_filename": null,
            "source_dir": "./src",
            "source_file": null,
            "type": "zip"
          },
          "sensitive_attributes": [],
          "identity_schema_version": 0
        }
      ]
    },
    {
      "mode": "data",
      "type": "aws_db_instance",
      "name": "meu_rds",
      "provider": "provider[\"registry.terraform.io/hashicorp/aws\"]",
      "instances": [
        {
          "schema_version": 0,
          "attributes": {
            "address": "my-postgres-db.cw1ogy28g1ak.us-east-1.rds.amazonaws.com",
            "allocated_storage": 20,
            "auto_minor_version_upgrade": true,
            "availability_zone": "us-east-1b",
            "backup_retention_period": 0,
            "ca_cert_identifier": "rds-ca-rsa2048-g1",
            "database_insights_mode": "standard",
            "db_cluster_identifier": "",
            "db_instance_arn": "arn:aws:rds:us-east-1:243645409029:db:my-postgres-db",
            "db_instance_class": "db.t3.micro",
            "db_instance_identifier": "my-postgres-db",
            "db_instance_port": 0,
            "db_name": "fiap_loja",
            "db_parameter_groups": [
              "default.postgres17"
            ],
            "db_subnet_group": "rds-subnet-group",
            "enabled_cloudwatch_logs_exports": [],
            "endpoint": "my-postgres-db.cw1ogy28g1ak.us-east-1.rds.amazonaws.com:5432",
            "engine": "postgres",
            "engine_version": "17.4",
            "hosted_zone_id": "Z2R2ITUGPM61AM",
            "id": "my-postgres-db",
            "iops": 0,
            "kms_key_id": "",
            "license_model": "postgresql-license",
            "master_user_secret": null,
            "master_username": "myuser",
            "max_allocated_storage": 0,
            "monitoring_interval": 0,
            "monitoring_role_arn": "",
            "multi_az": false,
            "network_type": "IPV4",
            "option_group_memberships": [
              "default:postgres-17"
            ],
            "port": 5432,
            "preferred_backup_window": "08:15-08:45",
            "preferred_maintenance_window": "thu:08:45-thu:09:15",
            "publicly_accessible": true,
            "region": "us-east-1",
            "replicate_source_db": "",
            "resource_id": "db-LI5S3AZCOHRALUSZ3TDANTOB6Y",
            "storage_encrypted": false,
            "storage_throughput": 0,
            "storage_type": "gp2",
            "tags": {
              "Name": "my-postgres-db"
            },
            "timezone": "",
            "vpc_security_groups": [
              "sg-0b4d39fb884b956e3"
            ]
          },
          "sensitive_attributes": [],
          "identity_schema_version": 0
        }
      ]
    },
    {
      "mode": "data",
      "type": "aws_eks_cluster",
      "name": "cluster",
      "provider": "provider[\"registry.terraform.io/hashicorp/aws\"]",
      "instances": [
        {
          "schema_version": 0,
          "attributes": {
            "access_config": [
              {
                "authentication_mode": "API",
                "bootstrap_cluster_creator_admin_permissions": true
              }
            ],
            "arn": "arn:aws:eks:us-east-1:243645409029:cluster/eks-techchallenge-fiap-fase3-2153",
            "certificate_authority": [
              {
                "data": "LS0tLS1CRUdJTiBDRVJUSUZJQ0FURS0tLS0tCk1JSURCVENDQWUyZ0F3SUJBZ0lJYkREYk9xc1RVNVV3RFFZSktvWklodmNOQVFFTEJRQXdGVEVUTUJFR0ExVUUKQXhNS2EzVmlaWEp1WlhSbGN6QWVGdzB5TlRFd01EVXhORFE1TVRCYUZ3MHpOVEV3TURNeE5EVTBNVEJhTUJVeApFekFSQmdOVkJBTVRDbXQxWW1WeWJtVjBaWE13Z2dFaU1BMEdDU3FHU0liM0RRRUJBUVVBQTRJQkR3QXdnZ0VLCkFvSUJBUURuQzBNbHRnbkY2MEVsVzI2aTV5ckVBK3hzMWY2Y29tQjdmT3dxU1cvWmFOU1pRVlhIeVRHbExGVjEKMWJDYVQ2WVhXL2pMdEN4ckVjbG9Rb3d2UmJQWjVEK1VLNTlTTjBZY2pKZU9tWTNIRFJteFptWDJtQ21HUGREZgpRSi80QWxqeG9BVXAxZHE4VkdCQ2p5YTdCN0VlSDV0b2xiUStONUVzY1BEYmZTWHlrN2NKdDJiZlNOT0xHbzhMCit3V3kzT3BsY1JWNEtmSjRHNm1qMUJRRkI4U0NoTGQzZG5yRTZFYkxDSmlyY1E0bVdlZVJkMjNKNGFmQ2xzWTgKS2xFUWFZa0tyVjZpT0pXN3ZpNENROG9SZ3dvTEx5Mnl4UXk5aGVVc3BxUjJNa25VdmtxdnFLV2lpSXN0SlExVwo1Ykk0QnBrNFUzbHhxMnZmeWtXT1VmaGZQTFJMQWdNQkFBR2pXVEJYTUE0R0ExVWREd0VCL3dRRUF3SUNwREFQCkJnTlZIUk1CQWY4RUJUQURBUUgvTUIwR0ExVWREZ1FXQkJRbzJwakQrZ0VCS0FDeVVVY2FWWFYwZFZrNTdqQVYKQmdOVkhSRUVEakFNZ2dwcmRXSmxjbTVsZEdWek1BMEdDU3FHU0liM0RRRUJDd1VBQTRJQkFRQnU2TnFnTmk1TgozVXZZNEw0bktNZC9FUE52OG14YjJHMm9rUFZkcUt5WXhUSHR2Q25wNUZ4b3ZJTVFVb3Q1bGRjam9icXZFbWhzCnNnRTJWbU1OOWQ3R1c3RU5nVXQ4MndzdWV2ZndPeFE2ZDgrcTJyVHBXUGd6OVVtQkVFV1VxbGYwTGh4SjgrOG0KN21MOEM1VzZVa1hkKzIyRU5GbGttZEJDUkY0OWJ6eElNUURFRnNEdS9yVjFNVUV5ODN4SUMweDQ0c0wwOVVUTApJRzhzUjJKWWxCZkF2OWp4NzlUM1F2YVJSQzlqL0V5ZVF5aTlUd1JoRmYzMGJ5WjFMREdDUXZUZ0ZvaUF6Z0VBCjN2L1hGY2VEU0UrYlAyVTkwN2JWQnZNODRhUjVFR0RucjVHcU5NRHhoNktRLzdPV015a1lKNmNEbDF5VDFuSTkKR1c0eWVlTXR2cEI4Ci0tLS0tRU5EIENFUlRJRklDQVRFLS0tLS0K"
              }
            ],
            "cluster_id": null,
            "compute_config": [
              {
                "enabled": false,
                "node_pools": [],
                "node_role_arn": ""
              }
            ],
            "created_at": "2025-10-05T14:48:21Z",
            "deletion_protection": false,
            "enabled_cluster_log_types": [],
            "endpoint": "https://16805CB17CD31039782499B799FC0ED5.gr7.us-east-1.eks.amazonaws.com",
            "id": "eks-techchallenge-fiap-fase3-2153",
            "identity": [
              {
                "oidc": [
                  {
                    "issuer": "https://oidc.eks.us-east-1.amazonaws.com/id/16805CB17CD31039782499B799FC0ED5"
                  }
                ]
              }
            ],
            "kubernetes_network_config": [
              {
                "elastic_load_balancing": [
                  {
                    "enabled": false
                  }
                ],
                "ip_family": "ipv4",
                "service_ipv4_cidr": "172.20.0.0/16",
                "service_ipv6_cidr": ""
              }
            ],
            "name": "eks-techchallenge-fiap-fase3-2153",
            "outpost_config": [],
            "platform_version": "eks.39",
            "region": "us-east-1",
            "remote_network_config": [],
            "role_arn": "arn:aws:iam::243645409029:role/eks-cluster-role",
            "status": "ACTIVE",
            "storage_config": [
              {
                "block_storage": [
                  {
                    "enabled": false
                  }
                ]
              }
            ],
            "tags": {},
            "upgrade_policy": [
              {
                "support_type": "EXTENDED"
              }
            ],
            "version": "1.31",
            "vpc_config": [
              {
                "cluster_security_group_id": "sg-09db6e52f8ca9b814",
                "endpoint_private_access": false,
                "endpoint_public_access": true,
                "public_access_cidrs": [
                  "0.0.0.0/0"
                ],
                "security_group_ids": [],
                "subnet_ids": [
                  "subnet-08b097a47c5e36c1a",
                  "subnet-0952a073e0db1992e",
                  "subnet-0eaa82debd6400a44"
                ],
                "vpc_id": "vpc-03d05a3ed9480a5ac"
              }
            ],
            "zonal_shift_config": []
          },
          "sensitive_attributes": [],
          "identity_schema_version": 0
        }
      ]
    },
    {
      "mode": "data",
      "type": "aws_eks_cluster_auth",
      "name": "auth",
      "provider": "provider[\"registry.terraform.io/hashicorp/aws\"]",
      "instances": [
        {
          "schema_version": 0,
          "attributes": {
            "id": "eks-techchallenge-fiap-fase3-2153",
            "name": "eks-techchallenge-fiap-fase3-2153",
            "region": "us-east-1",
            "token": "k8s-aws-v1.aHR0cHM6Ly9zdHMudXMtZWFzdC0xLmFtYXpvbmF3cy5jb20vP0FjdGlvbj1HZXRDYWxsZXJJZGVudGl0eSZWZXJzaW9uPTIwMTEtMDYtMTUmWC1BbXotQWxnb3JpdGhtPUFXUzQtSE1BQy1TSEEyNTYmWC1BbXotQ3JlZGVudGlhbD1BS0lBVFJPVEY0NEMyT1kzSU82WCUyRjIwMjUxMDA1JTJGdXMtZWFzdC0xJTJGc3RzJTJGYXdzNF9yZXF1ZXN0JlgtQW16LURhdGU9MjAyNTEwMDVUMTcyNDM5WiZYLUFtei1FeHBpcmVzPTAmWC1BbXotU2lnbmVkSGVhZGVycz1ob3N0JTNCeC1rOHMtYXdzLWlkJlgtQW16LVNpZ25hdHVyZT1kZWI4ZDFhNzE5OTlhNTEyNzhiZTQxNjg5YjViZTgxYjhiMTlhNzBjM2Q5MzM1NjRjOTVmOWYwMDA3NzBhNWI2"
          },
          "sensitive_attributes": [
            [
              {
                "type": "get_attr",
                "value": "token"
              }
            ]
          ],
          "identity_schema_version": 0
        }
      ]
    },
    {
      "mode": "data",
      "type": "aws_iam_policy_document",
      "name": "assume_role",
      "provider": "provider[\"registry.terraform.io/hashicorp/aws\"]",
      "instances": [
        {
          "schema_version": 0,
          "attributes": {
            "id": "2690255455",
            "json": "{\n  \"Version\": \"2012-10-17\",\n  \"Statement\": [\n    {\n      \"Effect\": \"Allow\",\n      \"Action\": \"sts:AssumeRole\",\n      \"Principal\": {\n        \"Service\": \"lambda.amazonaws.com\"\n      }\n    }\n  ]\n}",
            "minified_json": "{\"Version\":\"2012-10-17\",\"Statement\":[{\"Effect\":\"Allow\",\"Action\":\"sts:AssumeRole\",\"Principal\":{\"Service\":\"lambda.amazonaws.com\"}}]}",
            "override_json": null,
            "override_policy_documents": null,
            "policy_id": null,
            "source_json": null,
            "source_policy_documents": null,
            "statement": [
              {
                "actions": [
                  "sts:AssumeRole"
                ],
                "condition": [],
                "effect": "Allow",
                "not_actions": [],
                "not_principals": [],
                "not_resources": [],
                "principals": [
                  {
                    "identifiers": [
                      "lambda.amazonaws.com"
                    ],
                    "type": "Service"
                  }
                ],
                "resources": [],
                "sid": ""
              }
            ],
            "version": "2012-10-17"
          },
          "sensitive_attributes": [],
          "identity_schema_version": 0
        }
      ]
    },
    {
      "mode": "data",
      "type": "aws_iam_user",
      "name": "principal_user",
      "provider": "provider[\"registry.terraform.io/hashicorp/aws\"]",
      "instances": [
        {
          "schema_version": 0,
          "attributes": {
            "arn": "arn:aws:iam::243645409029:user/herlessi",
            "id": "AIDATROTF44CYSXQXFCPG",
            "path": "/",
            "permissions_boundary": "",
            "tags": {},
            "user_id": "AIDATROTF44CYSXQXFCPG",
            "user_name": "herlessi"
          },
          "sensitive_attributes": [],
          "identity_schema_version": 0
        }
      ]
    },
    {
      "mode": "data",
      "type": "aws_secretsmanager_secret",
      "name": "credentials",
      "provider": "provider[\"registry.terraform.io/hashicorp/aws\"]",
      "instances": [
        {
          "schema_version": 0,
          "attributes": {
            "arn": "arn:aws:secretsmanager:us-east-1:243645409029:secret:rds-db-credentials4-Kl5sJy",
            "created_date": "2025-10-05T15:02:41Z",
            "description": "",
            "id": "arn:aws:secretsmanager:us-east-1:243645409029:secret:rds-db-credentials4-Kl5sJy",
            "kms_key_id": "",
            "last_changed_date": "2025-10-05T15:02:41Z",
            "name": "rds-db-credentials4",
            "policy": "",
            "region": "us-east-1",
            "tags": {}
          },
          "sensitive_attributes": [],
          "identity_schema_version": 0
        }
      ]
    },
    {
      "mode": "data",
      "type": "aws_secretsmanager_secret_version",
      "name": "credentials",
      "provider": "provider[\"registry.terraform.io/hashicorp/aws\"]",
      "instances": [
        {
          "schema_version": 0,
          "attributes": {
            "arn": "arn:aws:secretsmanager:us-east-1:243645409029:secret:rds-db-credentials4-Kl5sJy",
            "created_date": "2025-10-05T15:02:41Z",
            "id": "arn:aws:secretsmanager:us-east-1:243645409029:secret:rds-db-credentials4-Kl5sJy|AWSCURRENT",
            "region": "us-east-1",
            "secret_binary": "",
            "secret_id": "arn:aws:secretsmanager:us-east-1:243645409029:secret:rds-db-credentials4-Kl5sJy",
            "secret_string": "{\"password\":\"mypassword123\",\"username\":\"myuser\"}",
            "version_id": "terraform-20251005150241077400000002",
            "version_stage": "AWSCURRENT",
            "version_stages": [
              "AWSCURRENT"
            ]
          },
          "sensitive_attributes": [
            [
              {
                "type": "get_attr",
                "value": "secret_binary"
              }
            ],
            [
              {
                "type": "get_attr",
                "value": "secret_string"
              }
            ]
          ],
          "identity_schema_version": 0
        }
      ]
    },
    {
      "mode": "managed",
      "type": "aws_iam_role",
      "name": "example",
      "provider": "provider[\"registry.terraform.io/hashicorp/aws\"]",
      "instances": [
        {
          "schema_version": 0,
          "attributes": {
            "arn": "arn:aws:iam::243645409029:role/lambda_execution_role",
            "assume_role_policy": "{\"Statement\":[{\"Action\":\"sts:AssumeRole\",\"Effect\":\"Allow\",\"Principal\":{\"Service\":\"lambda.amazonaws.com\"}}],\"Version\":\"2012-10-17\"}",
            "create_date": "2025-10-05T17:24:44Z",
            "description": "",
            "force_detach_policies": false,
            "id": "lambda_execution_role",
            "inline_policy": [],
            "managed_policy_arns": [],
            "max_session_duration": 3600,
            "name": "lambda_execution_role",
            "name_prefix": "",
            "path": "/",
            "permissions_boundary": "",
            "tags": null,
            "tags_all": {},
            "unique_id": "AROATROTF44C3DLZJQLJG"
          },
          "sensitive_attributes": [],
          "identity_schema_version": 0,
          "identity": {
            "account_id": "243645409029",
            "name": "lambda_execution_role"
          },
          "private": "bnVsbA==",
          "dependencies": [
            "data.aws_iam_policy_document.assume_role"
          ]
        }
      ]
    },
    {
      "mode": "managed",
      "type": "aws_lambda_function",
      "name": "anonymousLoginFunction",
      "provider": "provider[\"registry.terraform.io/hashicorp/aws\"]",
      "instances": [
        {
          "schema_version": 0,
          "attributes": {
            "architectures": [
              "x86_64"
            ],
            "arn": "arn:aws:lambda:us-east-1:243645409029:function:anonymousLoginFunction",
            "code_sha256": "pVp5anfRBVf0I6hjXLGDonyqUIw4HWDN5vPXryBKvrk=",
            "code_signing_config_arn": "",
            "dead_letter_config": [],
            "description": "",
            "environment": [
              {
                "variables": {
                  "DB_HOST": "my-postgres-db.cw1ogy28g1ak.us-east-1.rds.amazonaws.com",
                  "DB_NAME": "fiap_loja",
                  "DB_PASS": "mypassword123",
                  "DB_USER": "myuser",
                  "ENVIRONMENT": "production",
                  "JWT_SECRET": "daS4d3#E\u0026%RTf4sdgdfT0(O6867",
                  "LOG_LEVEL": "info"
                }
              }
            ],
            "ephemeral_storage": [
              {
                "size": 512
              }
            ],
            "file_system_config": [],
            "filename": "./src/function.zip",
            "function_name": "anonymousLoginFunction",
            "handler": "index.handler",
            "id": "anonymousLoginFunction",
            "image_config": [],
            "image_uri": "",
            "invoke_arn": "arn:aws:apigateway:us-east-1:lambda:path/2015-03-31/functions/arn:aws:lambda:us-east-1:243645409029:function:anonymousLoginFunction/invocations",
            "kms_key_arn": "",
            "last_modified": "2025-10-05T17:24:54.649+0000",
            "layers": null,
            "logging_config": [
              {
                "application_log_level": "",
                "log_format": "Text",
                "log_group": "/aws/lambda/anonymousLoginFunction",
                "system_log_level": ""
              }
            ],
            "memory_size": 128,
            "package_type": "Zip",
            "publish": false,
            "qualified_arn": "arn:aws:lambda:us-east-1:243645409029:function:anonymousLoginFunction:$LATEST",
            "qualified_invoke_arn": "arn:aws:apigateway:us-east-1:lambda:path/2015-03-31/functions/arn:aws:lambda:us-east-1:243645409029:function:anonymousLoginFunction:$LATEST/invocations",
            "region": "us-east-1",
            "replace_security_groups_on_destroy": null,
            "replacement_security_group_ids": null,
            "reserved_concurrent_executions": -1,
            "role": "arn:aws:iam::243645409029:role/lambda_execution_role",
            "runtime": "nodejs20.x",
            "s3_bucket": null,
            "s3_key": null,
            "s3_object_version": null,
            "signing_job_arn": "",
            "signing_profile_version_arn": "",
            "skip_destroy": false,
            "snap_start": [],
            "source_code_hash": "pVp5anfRBVf0I6hjXLGDonyqUIw4HWDN5vPXryBKvrk=",
            "source_code_size": 321873,
            "source_kms_key_arn": "",
            "tags": {
              "Application": "example",
              "Environment": "production"
            },
            "tags_all": {
              "Application": "example",
              "Environment": "production"
            },
            "timeout": 3,
            "timeouts": null,
            "tracing_config": [
              {
                "mode": "PassThrough"
              }
            ],
            "version": "$LATEST",
            "vpc_config": []
          },
          "sensitive_attributes": [
            [
              {
                "type": "get_attr",
                "value": "environment"
              },
              {
                "type": "index",
                "value": {
                  "value": 0,
                  "type": "number"
                }
              },
              {
                "type": "get_attr",
                "value": "variables"
              },
              {
                "type": "index",
                "value": {
                  "value": "DB_PASS",
                  "type": "string"
                }
              }
            ],
            [
              {
                "type": "get_attr",
                "value": "environment"
              },
              {
                "type": "index",
                "value": {
                  "value": 0,
                  "type": "number"
                }
              },
              {
                "type": "get_attr",
                "value": "variables"
              },
              {
                "type": "index",
                "value": {
                  "value": "DB_USER",
                  "type": "string"
                }
              }
            ]
          ],
          "identity_schema_version": 0,
          "identity": {
            "account_id": "243645409029",
            "function_name": "anonymousLoginFunction",
            "region": "us-east-1"
          },
          "private": "eyJlMmJmYjczMC1lY2FhLTExZTYtOGY4OC0zNDM2M2JjN2M0YzAiOnsiY3JlYXRlIjo2MDAwMDAwMDAwMDAsImRlbGV0ZSI6NjAwMDAwMDAwMDAwLCJ1cGRhdGUiOjYwMDAwMDAwMDAwMH19",
          "dependencies": [
            "aws_iam_role.example",
            "data.archive_file.example",
            "data.aws_db_instance.meu_rds",
            "data.aws_iam_policy_document.assume_role",
            "data.aws_secretsmanager_secret.credentials",
            "data.aws_secretsmanager_secret_version.credentials"
          ]
        }
      ]
    },
    {
      "mode": "managed",
      "type": "aws_lambda_function_url",
      "name": "anonymousLoginFunction",
      "provider": "provider[\"registry.terraform.io/hashicorp/aws\"]",
      "instances": [
        {
          "schema_version": 0,
          "attributes": {
            "authorization_type": "NONE",
            "cors": [],
            "function_arn": "arn:aws:lambda:us-east-1:243645409029:function:anonymousLoginFunction",
            "function_name": "anonymousLoginFunction",
            "function_url": "https://msqzq44nzl7onhwjz7ugazmsqu0vtxez.lambda-url.us-east-1.on.aws/",
            "id": "anonymousLoginFunction",
            "invoke_mode": "BUFFERED",
            "qualifier": "",
            "region": "us-east-1",
            "timeouts": null,
            "url_id": "msqzq44nzl7onhwjz7ugazmsqu0vtxez"
          },
          "sensitive_attributes": [],
          "identity_schema_version": 0,
          "private": "eyJlMmJmYjczMC1lY2FhLTExZTYtOGY4OC0zNDM2M2JjN2M0YzAiOnsiY3JlYXRlIjo2MDAwMDAwMDAwMDB9fQ==",
          "dependencies": [
            "aws_iam_role.example",
            "aws_lambda_function.anonymousLoginFunction",
            "data.archive_file.example",
            "data.aws_db_instance.meu_rds",
            "data.aws_iam_policy_document.assume_role",
            "data.aws_secretsmanager_secret.credentials",
            "data.aws_secretsmanager_secret_version.credentials"
          ]
        }
      ]
    }
  ],
  "check_results": null
}
